
Microsoft Visual Studio Solution File, Format Version 12.00
# Visual Studio Version 17
VisualStudioVersion = 17.8.34511.84
MinimumVisualStudioVersion = 10.0.40219.1
Project("{FAE04EC0-301F-11D3-BF4B-00C04F79EFBC}") = "DecorShop", "DecorShop\DecorShop.csproj", "{5382894F-CC66-4141-BC34-A230B09E3FA5}"
EndProject
Global
	GlobalSection(SolutionConfigurationPlatforms) = preSolution
		Debug|Any CPU = Debug|Any CPU
		Release|Any CPU = Release|Any CPU
	EndGlobalSection
	GlobalSection(ProjectConfigurationPlatforms) = postSolution
		{5382894F-CC66-4141-BC34-A230B09E3FA5}.Debug|Any CPU.ActiveCfg = Debug|Any CPU
		{5382894F-CC66-4141-BC34-A230B09E3FA5}.Debug|Any CPU.Build.0 = Debug|Any CPU
		{5382894F-CC66-4141-BC34-A230B09E3FA5}.Release|Any CPU.ActiveCfg = Release|Any CPU
		{5382894F-CC66-4141-BC34-A230B09E3FA5}.Release|Any CPU.Build.0 = Release|Any CPU
	EndGlobalSection
	GlobalSection(SolutionProperties) = preSolution
		HideSolutionNode = FALSE
	EndGlobalSection
	GlobalSection(ExtensibilityGlobals) = postSolution
		SolutionGuid = {7FF24D79-B565-4B86-947E-14239B6FD7DA}
	EndGlobalSection
EndGlobal
